
Microsoft Visual Studio Solution File, Format Version 12.00
# Visual Studio Version 16
VisualStudioVersion = 16.0.31729.503
MinimumVisualStudioVersion = 10.0.40219.1
Project("{FAE04EC0-301F-11D3-BF4B-00C04F79EFBC}") = "WinFormsApp1", "WinFormsApp1\WinFormsApp1.csproj", "{6B4928BC-92E1-4210-A028-122D6B79BA33}"
EndProject
Global
	GlobalSection(SolutionConfigurationPlatforms) = preSolution
		Debug|Any CPU = Debug|Any CPU
		Release|Any CPU = Release|Any CPU
	EndGlobalSection
	GlobalSection(ProjectConfigurationPlatforms) = postSolution
		{6B4928BC-92E1-4210-A028-122D6B79BA33}.Debug|Any CPU.ActiveCfg = Debug|Any CPU
		{6B4928BC-92E1-4210-A028-122D6B79BA33}.Debug|Any CPU.Build.0 = Debug|Any CPU
		{6B4928BC-92E1-4210-A028-122D6B79BA33}.Release|Any CPU.ActiveCfg = Release|Any CPU
		{6B4928BC-92E1-4210-A028-122D6B79BA33}.Release|Any CPU.Build.0 = Release|Any CPU
	EndGlobalSection
	GlobalSection(SolutionProperties) = preSolution
		HideSolutionNode = FALSE
	EndGlobalSection
	GlobalSection(ExtensibilityGlobals) = postSolution
		SolutionGuid = {F9D7EB56-23E5-4842-AA9E-57475D99EA84}
	EndGlobalSection
EndGlobal
